
Microsoft Visual Studio Solution File, Format Version 12.00
# Visual Studio 15
VisualStudioVersion = 15.0.28010.2050
MinimumVisualStudioVersion = 10.0.40219.1
Project("{8BC9CEB8-8B4A-11D0-8D11-00A0C91BC942}") = "Tanques", "Tanques\Tanques.vcxproj", "{47C49C28-3B3F-4BAC-998F-B562A875C240}"
EndProject
Global
	GlobalSection(SolutionConfigurationPlatforms) = preSolution
		Debug|x64 = Debug|x64
		Debug|x86 = Debug|x86
		Release|x64 = Release|x64
		Release|x86 = Release|x86
	EndGlobalSection
	GlobalSection(ProjectConfigurationPlatforms) = postSolution
		{47C49C28-3B3F-4BAC-998F-B562A875C240}.Debug|x64.ActiveCfg = Debug|x64
		{47C49C28-3B3F-4BAC-998F-B562A875C240}.Debug|x64.Build.0 = Debug|x64
		{47C49C28-3B3F-4BAC-998F-B562A875C240}.Debug|x86.ActiveCfg = Debug|Win32
		{47C49C28-3B3F-4BAC-998F-B562A875C240}.Debug|x86.Build.0 = Debug|Win32
		{47C49C28-3B3F-4BAC-998F-B562A875C240}.Release|x64.ActiveCfg = Release|x64
		{47C49C28-3B3F-4BAC-998F-B562A875C240}.Release|x64.Build.0 = Release|x64
		{47C49C28-3B3F-4BAC-998F-B562A875C240}.Release|x86.ActiveCfg = Release|Win32
		{47C49C28-3B3F-4BAC-998F-B562A875C240}.Release|x86.Build.0 = Release|Win32
	EndGlobalSection
	GlobalSection(SolutionProperties) = preSolution
		HideSolutionNode = FALSE
	EndGlobalSection
	GlobalSection(ExtensibilityGlobals) = postSolution
		SolutionGuid = {5BEB7684-055F-4611-B54A-B7A73F5E2CB6}
	EndGlobalSection
EndGlobal
